{
  "name": "wasm",
  "version": "1.0.0",
  "lockfileVersion": 3,
  "requires": true,
  "packages": {
    "": {
      "name": "wasm",
      "version": "1.0.0",
      "license": "ISC",
      "dependencies": {
        "@codemirror/lang-sql": "^6.5.4",
        "@codemirror/view": "^6.20.2",
        "@rollup/plugin-node-resolve": "^15.2.1",
        "codemirror": "^6.0.1",
        "htl": "^0.3.1",
        "pretty-ms": "^8.0.0",
        "rollup": "^3.29.4"
      }
    },
    "node_modules/@codemirror/autocomplete": {
      "version": "6.9.1",
      "resolved": "https://registry.npmjs.org/@codemirror/autocomplete/-/autocomplete-6.9.1.tgz",
      "integrity": "sha512-yma56tqD7khIZK4gy4X5lX3/k5ArMiCGat7HEWRF/8L2kqOjVdp2qKZqpcJjwTIjSj6fqKAHqi7IjtH3QFE+Bw==",
      "dependencies": {
        "@codemirror/language": "^6.0.0",
        "@codemirror/state": "^6.0.0",
        "@codemirror/view": "^6.17.0",
        "@lezer/common": "^1.0.0"
      },
      "peerDependencies": {
        "@codemirror/language": "^6.0.0",
        "@codemirror/state": "^6.0.0",
        "@codemirror/view": "^6.0.0",
        "@lezer/common": "^1.0.0"
      }
    },
    "node_modules/@codemirror/commands": {
      "version": "6.2.5",
      "resolved": "https://registry.npmjs.org/@codemirror/commands/-/commands-6.2.5.tgz",
      "integrity": "sha512-dSi7ow2P2YgPBZflR9AJoaTHvqmeGIgkhignYMd5zK5y6DANTvxKxp6eMEpIDUJkRAaOY/TFZ4jP1ADIO/GLVA==",
      "dependencies": {
        "@codemirror/language": "^6.0.0",
        "@codemirror/state": "^6.2.0",
        "@codemirror/view": "^6.0.0",
        "@lezer/common": "^1.0.0"
      }
    },
    "node_modules/@codemirror/lang-sql": {
      "version": "6.5.4",
      "resolved": "https://registry.npmjs.org/@codemirror/lang-sql/-/lang-sql-6.5.4.tgz",
      "integrity": "sha512-5Gq7fYtT/5HbNyIG7a8vYaqOYQU3JbgtBe3+derkrFUXRVcjkf8WVgz++PIbMFAQsOFMDdDR+uiNM8ZRRuXH+w==",
      "dependencies": {
        "@codemirror/autocomplete": "^6.0.0",
        "@codemirror/language": "^6.0.0",
        "@codemirror/state": "^6.0.0",
        "@lezer/highlight": "^1.0.0",
        "@lezer/lr": "^1.0.0"
      }
    },
    "node_modules/@codemirror/language": {
      "version": "6.9.1",
      "resolved": "https://registry.npmjs.org/@codemirror/language/-/language-6.9.1.tgz",
      "integrity": "sha512-lWRP3Y9IUdOms6DXuBpoWwjkR7yRmnS0hKYCbSfPz9v6Em1A1UCRujAkDiCrdYfs1Z0Eu4dGtwovNPStIfkgNA==",
      "dependencies": {
        "@codemirror/state": "^6.0.0",
        "@codemirror/view": "^6.0.0",
        "@lezer/common": "^1.1.0",
        "@lezer/highlight": "^1.0.0",
        "@lezer/lr": "^1.0.0",
        "style-mod": "^4.0.0"
      }
    },
    "node_modules/@codemirror/lint": {
      "version": "6.4.2",
      "resolved": "https://registry.npmjs.org/@codemirror/lint/-/lint-6.4.2.tgz",
      "integrity": "sha512-wzRkluWb1ptPKdzlsrbwwjYCPLgzU6N88YBAmlZi8WFyuiEduSd05MnJYNogzyc8rPK7pj6m95ptUApc8sHKVA==",
      "dependencies": {
        "@codemirror/state": "^6.0.0",
        "@codemirror/view": "^6.0.0",
        "crelt": "^1.0.5"
      }
    },
    "node_modules/@codemirror/search": {
      "version": "6.5.4",
      "resolved": "https://registry.npmjs.org/@codemirror/search/-/search-6.5.4.tgz",
      "integrity": "sha512-YoTrvjv9e8EbPs58opjZKyJ3ewFrVSUzQ/4WXlULQLSDDr1nGPJ67mMXFNNVYwdFhybzhrzrtqgHmtpJwIF+8g==",
      "dependencies": {
        "@codemirror/state": "^6.0.0",
        "@codemirror/view": "^6.0.0",
        "crelt": "^1.0.5"
      }
    },
    "node_modules/@codemirror/state": {
      "version": "6.2.1",
      "resolved": "https://registry.npmjs.org/@codemirror/state/-/state-6.2.1.tgz",
      "integrity": "sha512-RupHSZ8+OjNT38zU9fKH2sv+Dnlr8Eb8sl4NOnnqz95mCFTZUaiRP8Xv5MeeaG0px2b8Bnfe7YGwCV3nsBhbuw=="
    },
    "node_modules/@codemirror/view": {
      "version": "6.20.2",
      "resolved": "https://registry.npmjs.org/@codemirror/view/-/view-6.20.2.tgz",
      "integrity": "sha512-tZ9F0UZU2P3eTRtgljg3DaCOTn2FIjQU/ktTCjSz9/6he3GHDNxSCDAPidMtF+09r23o0h9H/5U7xibtUuEgdg==",
      "dependencies": {
        "@codemirror/state": "^6.1.4",
        "style-mod": "^4.1.0",
        "w3c-keyname": "^2.2.4"
      }
    },
    "node_modules/@lezer/common": {
      "version": "1.1.0",
      "resolved": "https://registry.npmjs.org/@lezer/common/-/common-1.1.0.tgz",
      "integrity": "sha512-XPIN3cYDXsoJI/oDWoR2tD++juVrhgIago9xyKhZ7IhGlzdDM9QgC8D8saKNCz5pindGcznFr2HBSsEQSWnSjw=="
    },
    "node_modules/@lezer/highlight": {
      "version": "1.1.6",
      "resolved": "https://registry.npmjs.org/@lezer/highlight/-/highlight-1.1.6.tgz",
      "integrity": "sha512-cmSJYa2us+r3SePpRCjN5ymCqCPv+zyXmDl0ciWtVaNiORT/MxM7ZgOMQZADD0o51qOaOg24qc/zBViOIwAjJg==",
      "dependencies": {
        "@lezer/common": "^1.0.0"
      }
    },
    "node_modules/@lezer/lr": {
      "version": "1.3.12",
      "resolved": "https://registry.npmjs.org/@lezer/lr/-/lr-1.3.12.tgz",
      "integrity": "sha512-5nwY1JzCueUdRtlMBnlf1SUi69iGCq2ABq7WQFQMkn/kxPvoACAEnTp4P17CtXxYr7WCwtYPLL2AEvxKPuF1OQ==",
      "dependencies": {
        "@lezer/common": "^1.0.0"
      }
    },
    "node_modules/@rollup/plugin-node-resolve": {
      "version": "15.2.1",
      "resolved": "https://registry.npmjs.org/@rollup/plugin-node-resolve/-/plugin-node-resolve-15.2.1.tgz",
      "integrity": "sha512-nsbUg588+GDSu8/NS8T4UAshO6xeaOfINNuXeVHcKV02LJtoRaM1SiOacClw4kws1SFiNhdLGxlbMY9ga/zs/w==",
      "dependencies": {
        "@rollup/pluginutils": "^5.0.1",
        "@types/resolve": "1.20.2",
        "deepmerge": "^4.2.2",
        "is-builtin-module": "^3.2.1",
        "is-module": "^1.0.0",
        "resolve": "^1.22.1"
      },
      "engines": {
        "node": ">=14.0.0"
      },
      "peerDependencies": {
        "rollup": "^2.78.0||^3.0.0"
      },
      "peerDependenciesMeta": {
        "rollup": {
          "optional": true
        }
      }
    },
    "node_modules/@rollup/pluginutils": {
      "version": "5.0.4",
      "resolved": "https://registry.npmjs.org/@rollup/pluginutils/-/pluginutils-5.0.4.tgz",
      "integrity": "sha512-0KJnIoRI8A+a1dqOYLxH8vBf8bphDmty5QvIm2hqm7oFCFYKCAZWWd2hXgMibaPsNDhI0AtpYfQZJG47pt/k4g==",
      "dependencies": {
        "@types/estree": "^1.0.0",
        "estree-walker": "^2.0.2",
        "picomatch": "^2.3.1"
      },
      "engines": {
        "node": ">=14.0.0"
      },
      "peerDependencies": {
        "rollup": "^1.20.0||^2.0.0||^3.0.0"
      },
      "peerDependenciesMeta": {
        "rollup": {
          "optional": true
        }
      }
    },
    "node_modules/@types/estree": {
      "version": "1.0.2",
      "resolved": "https://registry.npmjs.org/@types/estree/-/estree-1.0.2.tgz",
      "integrity": "sha512-VeiPZ9MMwXjO32/Xu7+OwflfmeoRwkE/qzndw42gGtgJwZopBnzy2gD//NN1+go1mADzkDcqf/KnFRSjTJ8xJA=="
    },
    "node_modules/@types/resolve": {
      "version": "1.20.2",
      "resolved": "https://registry.npmjs.org/@types/resolve/-/resolve-1.20.2.tgz",
      "integrity": "sha512-60BCwRFOZCQhDncwQdxxeOEEkbc5dIMccYLwbxsS4TUNeVECQ/pBJ0j09mrHOl/JJvpRPGwO9SvE4nR2Nb/a4Q=="
    },
    "node_modules/builtin-modules": {
      "version": "3.3.0",
      "resolved": "https://registry.npmjs.org/builtin-modules/-/builtin-modules-3.3.0.tgz",
      "integrity": "sha512-zhaCDicdLuWN5UbN5IMnFqNMhNfo919sH85y2/ea+5Yg9TsTkeZxpL+JLbp6cgYFS4sRLp3YV4S6yDuqVWHYOw==",
      "engines": {
        "node": ">=6"
      },
      "funding": {
        "url": "https://github.com/sponsors/sindresorhus"
      }
    },
    "node_modules/codemirror": {
      "version": "6.0.1",
      "resolved": "https://registry.npmjs.org/codemirror/-/codemirror-6.0.1.tgz",
      "integrity": "sha512-J8j+nZ+CdWmIeFIGXEFbFPtpiYacFMDR8GlHK3IyHQJMCaVRfGx9NT+Hxivv1ckLWPvNdZqndbr/7lVhrf/Svg==",
      "dependencies": {
        "@codemirror/autocomplete": "^6.0.0",
        "@codemirror/commands": "^6.0.0",
        "@codemirror/language": "^6.0.0",
        "@codemirror/lint": "^6.0.0",
        "@codemirror/search": "^6.0.0",
        "@codemirror/state": "^6.0.0",
        "@codemirror/view": "^6.0.0"
      }
    },
    "node_modules/crelt": {
      "version": "1.0.6",
      "resolved": "https://registry.npmjs.org/crelt/-/crelt-1.0.6.tgz",
      "integrity": "sha512-VQ2MBenTq1fWZUH9DJNGti7kKv6EeAuYr3cLwxUWhIu1baTaXh4Ib5W2CqHVqib4/MqbYGJqiL3Zb8GJZr3l4g=="
    },
    "node_modules/deepmerge": {
      "version": "4.3.1",
      "resolved": "https://registry.npmjs.org/deepmerge/-/deepmerge-4.3.1.tgz",
      "integrity": "sha512-3sUqbMEc77XqpdNO7FRyRog+eW3ph+GYCbj+rK+uYyRMuwsVy0rMiVtPn+QJlKFvWP/1PYpapqYn0Me2knFn+A==",
      "engines": {
        "node": ">=0.10.0"
      }
    },
    "node_modules/estree-walker": {
      "version": "2.0.2",
      "resolved": "https://registry.npmjs.org/estree-walker/-/estree-walker-2.0.2.tgz",
      "integrity": "sha512-Rfkk/Mp/DL7JVje3u18FxFujQlTNR2q6QfMSMB7AvCBx91NGj/ba3kCfza0f6dVDbw7YlRf/nDrn7pQrCCyQ/w=="
    },
    "node_modules/fsevents": {
      "version": "2.3.3",
      "resolved": "https://registry.npmjs.org/fsevents/-/fsevents-2.3.3.tgz",
      "integrity": "sha512-5xoDfX+fL7faATnagmWPpbFtwh/R77WmMMqqHGS65C3vvB0YHrgF+B1YmZ3441tMj5n63k0212XNoJwzlhffQw==",
      "hasInstallScript": true,
      "optional": true,
      "os": [
        "darwin"
      ],
      "engines": {
        "node": "^8.16.0 || ^10.6.0 || >=11.0.0"
      }
    },
    "node_modules/function-bind": {
      "version": "1.1.1",
      "resolved": "https://registry.npmjs.org/function-bind/-/function-bind-1.1.1.tgz",
      "integrity": "sha512-yIovAzMX49sF8Yl58fSCWJ5svSLuaibPxXQJFLmBObTuCr0Mf1KiPopGM9NiFjiYBCbfaa2Fh6breQ6ANVTI0A=="
    },
    "node_modules/has": {
      "version": "1.0.3",
      "resolved": "https://registry.npmjs.org/has/-/has-1.0.3.tgz",
      "integrity": "sha512-f2dvO0VU6Oej7RkWJGrehjbzMAjFp5/VKPp5tTpWIV4JHHZK1/BxbFRtf/siA2SWTe09caDmVtYYzWEIbBS4zw==",
      "dependencies": {
        "function-bind": "^1.1.1"
      },
      "engines": {
        "node": ">= 0.4.0"
      }
    },
    "node_modules/htl": {
      "version": "0.3.1",
      "resolved": "https://registry.npmjs.org/htl/-/htl-0.3.1.tgz",
      "integrity": "sha512-1LBtd+XhSc+++jpOOt0lCcEycXs/zTQSupOISnVAUmvGBpV7DH+C2M6hwV7zWYfpTMMg9ch4NO0lHiOTAMHdVA==",
      "engines": {
        "node": ">=12"
      }
    },
    "node_modules/is-builtin-module": {
      "version": "3.2.1",
      "resolved": "https://registry.npmjs.org/is-builtin-module/-/is-builtin-module-3.2.1.tgz",
      "integrity": "sha512-BSLE3HnV2syZ0FK0iMA/yUGplUeMmNz4AW5fnTunbCIqZi4vG3WjJT9FHMy5D69xmAYBHXQhJdALdpwVxV501A==",
      "dependencies": {
        "builtin-modules": "^3.3.0"
      },
      "engines": {
        "node": ">=6"
      },
      "funding": {
        "url": "https://github.com/sponsors/sindresorhus"
      }
    },
    "node_modules/is-core-module": {
      "version": "2.13.0",
      "resolved": "https://registry.npmjs.org/is-core-module/-/is-core-module-2.13.0.tgz",
      "integrity": "sha512-Z7dk6Qo8pOCp3l4tsX2C5ZVas4V+UxwQodwZhLopL91TX8UyyHEXafPcyoeeWuLrwzHcr3igO78wNLwHJHsMCQ==",
      "dependencies": {
        "has": "^1.0.3"
      },
      "funding": {
        "url": "https://github.com/sponsors/ljharb"
      }
    },
    "node_modules/is-module": {
      "version": "1.0.0",
      "resolved": "https://registry.npmjs.org/is-module/-/is-module-1.0.0.tgz",
      "integrity": "sha512-51ypPSPCoTEIN9dy5Oy+h4pShgJmPCygKfyRCISBI+JoWT/2oJvK8QPxmwv7b/p239jXrm9M1mlQbyKJ5A152g=="
    },
    "node_modules/parse-ms": {
      "version": "3.0.0",
      "resolved": "https://registry.npmjs.org/parse-ms/-/parse-ms-3.0.0.tgz",
      "integrity": "sha512-Tpb8Z7r7XbbtBTrM9UhpkzzaMrqA2VXMT3YChzYltwV3P3pM6t8wl7TvpMnSTosz1aQAdVib7kdoys7vYOPerw==",
      "engines": {
        "node": ">=12"
      },
      "funding": {
        "url": "https://github.com/sponsors/sindresorhus"
      }
    },
    "node_modules/path-parse": {
      "version": "1.0.7",
      "resolved": "https://registry.npmjs.org/path-parse/-/path-parse-1.0.7.tgz",
      "integrity": "sha512-LDJzPVEEEPR+y48z93A0Ed0yXb8pAByGWo/k5YYdYgpY2/2EsOsksJrq7lOHxryrVOn1ejG6oAp8ahvOIQD8sw=="
    },
    "node_modules/picomatch": {
      "version": "2.3.1",
      "resolved": "https://registry.npmjs.org/picomatch/-/picomatch-2.3.1.tgz",
      "integrity": "sha512-JU3teHTNjmE2VCGFzuY8EXzCDVwEqB2a8fsIvwaStHhAWJEeVd1o1QD80CU6+ZdEXXSLbSsuLwJjkCBWqRQUVA==",
      "engines": {
        "node": ">=8.6"
      },
      "funding": {
        "url": "https://github.com/sponsors/jonschlinkert"
      }
    },
    "node_modules/pretty-ms": {
      "version": "8.0.0",
      "resolved": "https://registry.npmjs.org/pretty-ms/-/pretty-ms-8.0.0.tgz",
      "integrity": "sha512-ASJqOugUF1bbzI35STMBUpZqdfYKlJugy6JBziGi2EE+AL5JPJGSzvpeVXojxrr0ViUYoToUjb5kjSEGf7Y83Q==",
      "dependencies": {
        "parse-ms": "^3.0.0"
      },
      "engines": {
        "node": ">=14.16"
      },
      "funding": {
        "url": "https://github.com/sponsors/sindresorhus"
      }
    },
    "node_modules/resolve": {
      "version": "1.22.6",
      "resolved": "https://registry.npmjs.org/resolve/-/resolve-1.22.6.tgz",
      "integrity": "sha512-njhxM7mV12JfufShqGy3Rz8j11RPdLy4xi15UurGJeoHLfJpVXKdh3ueuOqbYUcDZnffr6X739JBo5LzyahEsw==",
      "dependencies": {
        "is-core-module": "^2.13.0",
        "path-parse": "^1.0.7",
        "supports-preserve-symlinks-flag": "^1.0.0"
      },
      "bin": {
        "resolve": "bin/resolve"
      },
      "funding": {
        "url": "https://github.com/sponsors/ljharb"
      }
    },
    "node_modules/rollup": {
      "version": "3.29.4",
      "resolved": "https://registry.npmjs.org/rollup/-/rollup-3.29.4.tgz",
      "integrity": "sha512-oWzmBZwvYrU0iJHtDmhsm662rC15FRXmcjCk1xD771dFDx5jJ02ufAQQTn0etB2emNk4J9EZg/yWKpsn9BWGRw==",
      "bin": {
        "rollup": "dist/bin/rollup"
      },
      "engines": {
        "node": ">=14.18.0",
        "npm": ">=8.0.0"
      },
      "optionalDependencies": {
        "fsevents": "~2.3.2"
      }
    },
    "node_modules/style-mod": {
      "version": "4.1.0",
      "resolved": "https://registry.npmjs.org/style-mod/-/style-mod-4.1.0.tgz",
      "integrity": "sha512-Ca5ib8HrFn+f+0n4N4ScTIA9iTOQ7MaGS1ylHcoVqW9J7w2w8PzN6g9gKmTYgGEBH8e120+RCmhpje6jC5uGWA=="
    },
    "node_modules/supports-preserve-symlinks-flag": {
      "version": "1.0.0",
      "resolved": "https://registry.npmjs.org/supports-preserve-symlinks-flag/-/supports-preserve-symlinks-flag-1.0.0.tgz",
      "integrity": "sha512-ot0WnXS9fgdkgIcePe6RHNk1WA8+muPa6cSjeR3V8K27q9BB1rTE3R1p7Hv0z1ZyAc8s6Vvv8DIyWf681MAt0w==",
      "engines": {
        "node": ">= 0.4"
      },
      "funding": {
        "url": "https://github.com/sponsors/ljharb"
      }
    },
    "node_modules/w3c-keyname": {
      "version": "2.2.8",
      "resolved": "https://registry.npmjs.org/w3c-keyname/-/w3c-keyname-2.2.8.tgz",
      "integrity": "sha512-dpojBhNsCNN7T82Tm7k26A6G9ML3NkhDsnw9n/eoxSRlVBB4CEtIQ/KTCLI2Fwf3ataSXRhYFkQi3SlnFwPvPQ=="
    }
  }
}
